
Microsoft Visual Studio Solution File, Format Version 12.00
Project("{FAE04EC0-301F-11D3-BF4B-00C04F79EFBC}") = "ReviewAnalyzer.Host", "ReviewAnalyzer.Host\ReviewAnalyzer.Host.csproj", "{EF1FA143-121E-478A-A047-B0D8A48258B9}"
EndProject
Project("{2150E333-8FDC-42A3-9474-1A3956D46DE8}") = "Solution Items", "Solution Items", "{7054FB3C-01F6-4BD4-AF09-6F236A5B00D9}"
	ProjectSection(SolutionItems) = preProject
		compose.yaml = compose.yaml
		..\.gitignore = ..\.gitignore
	EndProjectSection
EndProject
Project("{FAE04EC0-301F-11D3-BF4B-00C04F79EFBC}") = "ReviewAnalyzer.Application", "ReviewAnalyzer.Application\ReviewAnalyzer.Application.csproj", "{3767E7E5-DAE5-4EEF-AD4A-581C803F556E}"
EndProject
Project("{FAE04EC0-301F-11D3-BF4B-00C04F79EFBC}") = "ReviewAnalyzer.Core", "ReviewAnalyzer.Core\ReviewAnalyzer.Core.csproj", "{91D936FA-6A91-4F49-AFAA-56D166C20FF6}"
EndProject
Project("{2150E333-8FDC-42A3-9474-1A3956D46DE8}") = "Infrastructure", "Infrastructure", "{B80E2779-9333-4ABB-B51A-F167E802DD0D}"
EndProject
Project("{FAE04EC0-301F-11D3-BF4B-00C04F79EFBC}") = "ReviewAnalyzer.PostgreSql", "ReviewAnalyzer.PostgreSql\ReviewAnalyzer.PostgreSql.csproj", "{AED04CEA-9C8F-43BC-B66C-209712998390}"
EndProject
Global
	GlobalSection(SolutionConfigurationPlatforms) = preSolution
		Debug|Any CPU = Debug|Any CPU
		Release|Any CPU = Release|Any CPU
	EndGlobalSection
	GlobalSection(ProjectConfigurationPlatforms) = postSolution
		{EF1FA143-121E-478A-A047-B0D8A48258B9}.Debug|Any CPU.ActiveCfg = Debug|Any CPU
		{EF1FA143-121E-478A-A047-B0D8A48258B9}.Debug|Any CPU.Build.0 = Debug|Any CPU
		{EF1FA143-121E-478A-A047-B0D8A48258B9}.Release|Any CPU.ActiveCfg = Release|Any CPU
		{EF1FA143-121E-478A-A047-B0D8A48258B9}.Release|Any CPU.Build.0 = Release|Any CPU
		{3767E7E5-DAE5-4EEF-AD4A-581C803F556E}.Debug|Any CPU.ActiveCfg = Debug|Any CPU
		{3767E7E5-DAE5-4EEF-AD4A-581C803F556E}.Debug|Any CPU.Build.0 = Debug|Any CPU
		{3767E7E5-DAE5-4EEF-AD4A-581C803F556E}.Release|Any CPU.ActiveCfg = Release|Any CPU
		{3767E7E5-DAE5-4EEF-AD4A-581C803F556E}.Release|Any CPU.Build.0 = Release|Any CPU
		{91D936FA-6A91-4F49-AFAA-56D166C20FF6}.Debug|Any CPU.ActiveCfg = Debug|Any CPU
		{91D936FA-6A91-4F49-AFAA-56D166C20FF6}.Debug|Any CPU.Build.0 = Debug|Any CPU
		{91D936FA-6A91-4F49-AFAA-56D166C20FF6}.Release|Any CPU.ActiveCfg = Release|Any CPU
		{91D936FA-6A91-4F49-AFAA-56D166C20FF6}.Release|Any CPU.Build.0 = Release|Any CPU
		{AED04CEA-9C8F-43BC-B66C-209712998390}.Debug|Any CPU.ActiveCfg = Debug|Any CPU
		{AED04CEA-9C8F-43BC-B66C-209712998390}.Debug|Any CPU.Build.0 = Debug|Any CPU
		{AED04CEA-9C8F-43BC-B66C-209712998390}.Release|Any CPU.ActiveCfg = Release|Any CPU
		{AED04CEA-9C8F-43BC-B66C-209712998390}.Release|Any CPU.Build.0 = Release|Any CPU
	EndGlobalSection
	GlobalSection(NestedProjects) = preSolution
		{AED04CEA-9C8F-43BC-B66C-209712998390} = {B80E2779-9333-4ABB-B51A-F167E802DD0D}
	EndGlobalSection
EndGlobal
